// !$*UTF8*$!
{
	archiveVersion = 1;
	classes = {
	};
	objectVersion = 46;
	objects = {

/* Begin PBXBuildFile section */
		AA39AE0C1E33DA4E0024AECD /* AppDelegate.swift in Sources */ = {isa = PBXBuildFile; fileRef = AA39AE0B1E33DA4E0024AECD /* AppDelegate.swift */; };
		AA39AE0E1E33DA4E0024AECD /* ViewController.swift in Sources */ = {isa = PBXBuildFile; fileRef = AA39AE0D1E33DA4E0024AECD /* ViewController.swift */; };
		AA39AE111E33DA4E0024AECD /* Main.storyboard in Resources */ = {isa = PBXBuildFile; fileRef = AA39AE0F1E33DA4E0024AECD /* Main.storyboard */; };
		AA39AE131E33DA4E0024AECD /* Assets.xcassets in Resources */ = {isa = PBXBuildFile; fileRef = AA39AE121E33DA4E0024AECD /* Assets.xcassets */; };
		AA39AE161E33DA4E0024AECD /* LaunchScreen.storyboard in Resources */ = {isa = PBXBuildFile; fileRef = AA39AE141E33DA4E0024AECD /* LaunchScreen.storyboard */; };
/* End PBXBuildFile section */

/* Begin PBXFileReference section */
		AA39AE081E33DA4E0024AECD /* EggTImer.app */ = {isa = PBXFileReference; explicitFileType = wrapper.application; includeInIndex = 0; path = EggTImer.app; sourceTree = BUILT_PRODUCTS_DIR; };
		AA39AE0B1E33DA4E0024AECD /* AppDelegate.swift */ = {isa = PBXFileReference; lastKnownFileType = sourcecode.swift; path = AppDelegate.swift; sourceTree = "<group>"; };
		AA39AE0D1E33DA4E0024AECD /* ViewController.swift */ = {isa = PBXFileReference; lastKnownFileType = sourcecode.swift; path = ViewController.swift; sourceTree = "<group>"; };
		AA39AE101E33DA4E0024AECD /* Base */ = {isa = PBXFileReference; lastKnownFileType = file.storyboard; name = Base; path = Base.lproj/Main.storyboard; sourceTree = "<group>"; };
		AA39AE121E33DA4E0024AECD /* Assets.xcassets */ = {isa = PBXFileReference; lastKnownFileType = folder.assetcatalog; path = Assets.xcassets; sourceTree = "<group>"; };
		AA39AE151E33DA4E0024AECD /* Base */ = {isa = PBXFileReference; lastKnownFileType = file.storyboard; name = Base; path = Base.lproj/LaunchScreen.storyboard; sourceTree = "<group>"; };
		AA39AE171E33DA4E0024AECD /* Info.plist */ = {isa = PBXFileReference; lastKnownFileType = text.plist.xml; path = Info.plist; sourceTree = "<group>"; };
/* End PBXFileReference section */

/* Begin PBXFrameworksBuildPhase section */
		AA39AE051E33DA4E0024AECD /* Frameworks */ = {
			isa = PBXFrameworksBuildPhase;
			buildActionMask = 2147483647;
			files = (
			);
			runOnlyForDeploymentPostprocessing = 0;
		};
/* End PBXFrameworksBuildPhase section */

/* Begin PBXGroup section */
		AA39ADFF1E33DA4E0024AECD = {
			isa = PBXGroup;
			children = (
				AA39AE0A1E33DA4E0024AECD /* EggTImer */,
				AA39AE091E33DA4E0024AECD /* Products */,
			);
			sourceTree = "<group>";
		};
		AA39AE091E33DA4E0024AECD /* Products */ = {
			isa = PBXGroup;
			children = (
				AA39AE081E33DA4E0024AECD /* EggTImer.app */,
			);
			name = Products;
			sourceTree = "<group>";
		};
		AA39AE0A1E33DA4E0024AECD /* EggTImer */ = {
			isa = PBXGroup;
			children = (
				AA39AE0B1E33DA4E0024AECD /* AppDelegate.swift */,
				AA39AE0D1E33DA4E0024AECD /* ViewController.swift */,
				AA39AE0F1E33DA4E0024AECD /* Main.storyboard */,
				AA39AE121E33DA4E0024AECD /* Assets.xcassets */,
				AA39AE141E33DA4E0024AECD /* LaunchScreen.storyboard */,
				AA39AE171E33DA4E0024AECD /* Info.plist */,
			);
			path = EggTImer;
			sourceTree = "<group>";
		};
/* End PBXGroup section */

/* Begin PBXNativeTarget section */
		AA39AE071E33DA4E0024AECD /* EggTImer */ = {
			isa = PBXNativeTarget;
			buildConfigurationList = AA39AE1A1E33DA4E0024AECD /* Build configuration list for PBXNativeTarget "EggTImer" */;
			buildPhases = (
				AA39AE041E33DA4E0024AECD /* Sources */,
				AA39AE051E33DA4E0024AECD /* Frameworks */,
				AA39AE061E33DA4E0024AECD /* Resources */,
			);
			buildRules = (
			);
			dependencies = (
			);
			name = EggTImer;
			productName = EggTImer;
			productReference = AA39AE081E33DA4E0024AECD /* EggTImer.app */;
			productType = "com.apple.product-type.application";
		};
/* End PBXNativeTarget section */

/* Begin PBXProject section */
		AA39AE001E33DA4E0024AECD /* Project object */ = {
			isa = PBXProject;
			attributes = {
				LastSwiftUpdateCheck = 0820;
				LastUpgradeCheck = 0820;
				ORGANIZATIONNAME = "EZ IT Apps, LLC";
				TargetAttributes = {
					AA39AE071E33DA4E0024AECD = {
						CreatedOnToolsVersion = 8.2.1;
						ProvisioningStyle = Automatic;
					};
				};
			};
			buildConfigurationList = AA39AE031E33DA4E0024AECD /* Build configuration list for PBXProject "EggTImer" */;
			compatibilityVersion = "Xcode 3.2";
			developmentRegion = English;
			hasScannedForEncodings = 0;
			knownRegions = (
				en,
				Base,
			);
			mainGroup = AA39ADFF1E33DA4E0024AECD;
			productRefGroup = AA39AE091E33DA4E0024AECD /* Products */;
			projectDirPath = "";
			projectRoot = "";
			targets = (
				AA39AE071E33DA4E0024AECD /* EggTImer */,
			);
		};
/* End PBXProject section */

/* Begin PBXResourcesBuildPhase section */
		AA39AE061E33DA4E0024AECD /* Resources */ = {
			isa = PBXResourcesBuildPhase;
			buildActionMask = 2147483647;
			files = (
				AA39AE161E33DA4E0024AECD /* LaunchScreen.storyboard in Resources */,
				AA39AE131E33DA4E0024AECD /* Assets.xcassets in Resources */,
				AA39AE111E33DA4E0024AECD /* Main.storyboard in Resources */,
			);
			runOnlyForDeploymentPostprocessing = 0;
		};
/* End PBXResourcesBuildPhase section */

/* Begin PBXSourcesBuildPhase section */
		AA39AE041E33DA4E0024AECD /* Sources */ = {
			isa = PBXSourcesBuildPhase;
			buildActionMask = 2147483647;
			files = (
				AA39AE0E1E33DA4E0024AECD /* ViewController.swift in Sources */,
				AA39AE0C1E33DA4E0024AECD /* AppDelegate.swift in Sources */,
			);
			runOnlyForDeploymentPostprocessing = 0;
		};
/* End PBXSourcesBuildPhase section */

/* Begin PBXVariantGroup section */
		AA39AE0F1E33DA4E0024AECD /* Main.storyboard */ = {
			isa = PBXVariantGroup;
			children = (
				AA39AE101E33DA4E0024AECD /* Base */,
			);
			name = Main.storyboard;
			sourceTree = "<group>";
		};
		AA39AE141E33DA4E0024AECD /* LaunchScreen.storyboard */ = {
			isa = PBXVariantGroup;
			children = (
				AA39AE151E33DA4E0024AECD /* Base */,
			);
			name = LaunchScreen.storyboard;
			sourceTree = "<group>";
		};
/* End PBXVariantGroup section */

/* Begin XCBuildConfiguration section */
		AA39AE181E33DA4E0024AECD /* Debug */ = {
			isa = XCBuildConfiguration;
			buildSettings = {
				ALWAYS_SEARCH_USER_PATHS = NO;
				CLANG_ANALYZER_NONNULL = YES;
				CLANG_CXX_LANGUAGE_STANDARD = "gnu++0x";
				CLANG_CXX_LIBRARY = "libc++";
				CLANG_ENABLE_MODULES = YES;
				CLANG_ENABLE_OBJC_ARC = YES;
				CLANG_WARN_BOOL_CONVERSION = YES;
				CLANG_WARN_CONSTANT_CONVERSION = YES;
				CLANG_WARN_DIRECT_OBJC_ISA_USAGE = YES_ERROR;
				CLANG_WARN_DOCUMENTATION_COMMENTS = YES;
				CLANG_WARN_EMPTY_BODY = YES;
				CLANG_WARN_ENUM_CONVERSION = YES;
				CLANG_WARN_INFINITE_RECURSION = YES;
				CLANG_WARN_INT_CONVERSION = YES;
				CLANG_WARN_OBJC_ROOT_CLASS = YES_ERROR;
				CLANG_WARN_SUSPICIOUS_MOVE = YES;
				CLANG_WARN_UNREACHABLE_CODE = YES;
				CLANG_WARN__DUPLICATE_METHOD_MATCH = YES;
				"CODE_SIGN_IDENTITY[sdk=iphoneos*]" = "iPhone Developer";
				COPY_PHASE_STRIP = NO;
				DEBUG_INFORMATION_FORMAT = dwarf;
				ENABLE_STRICT_OBJC_MSGSEND = YES;
				ENABLE_TESTABILITY = YES;
				GCC_C_LANGUAGE_STANDARD = gnu99;
				GCC_DYNAMIC_NO_PIC = NO;
				GCC_NO_COMMON_BLOCKS = YES;
				GCC_OPTIMIZATION_LEVEL = 0;
				GCC_PREPROCESSOR_DEFINITIONS = (
					"DEBUG=1",
					"$(inherited)",
				);
				GCC_WARN_64_TO_32_BIT_CONVERSION = YES;
				GCC_WARN_ABOUT_RETURN_TYPE = YES_ERROR;
				GCC_WARN_UNDECLARED_SELECTOR = YES;
				GCC_WARN_UNINITIALIZED_AUTOS = YES_AGGRESSIVE;
				GCC_WARN_UNUSED_FUNCTION = YES;
				GCC_WARN_UNUSED_VARIABLE = YES;
				IPHONEOS_DEPLOYMENT_TARGET = 10.2;
				MTL_ENABLE_DEBUG_INFO = YES;
				ONLY_ACTIVE_ARCH = YES;
				SDKROOT = iphoneos;
				SWIFT_ACTIVE_COMPILATION_CONDITIONS = DEBUG;
				SWIFT_OPTIMIZATION_LEVEL = "-Onone";
				TARGETED_DEVICE_FAMILY = "1,2";
			};
			name = Debug;
		};
		AA39AE191E33DA4E0024AECD /* Release */ = {
			isa = XCBuildConfiguration;
			buildSettings = {
				ALWAYS_SEARCH_USER_PATHS = NO;
				CLANG_ANALYZER_NONNULL = YES;
				CLANG_CXX_LANGUAGE_STANDARD = "gnu++0x";
				CLANG_CXX_LIBRARY = "libc++";
				CLANG_ENABLE_MODULES = YES;
				CLANG_ENABLE_OBJC_ARC = YES;
				CLANG_WARN_BOOL_CONVERSION = YES;
				CLANG_WARN_CONSTANT_CONVERSION = YES;
				CLANG_WARN_DIRECT_OBJC_ISA_USAGE = YES_ERROR;
				CLANG_WARN_DOCUMENTATION_COMMENTS = YES;
				CLANG_WARN_EMPTY_BODY = YES;
				CLANG_WARN_ENUM_CONVERSION = YES;
				CLANG_WARN_INFINITE_RECURSION = YES;
				CLANG_WARN_INT_CONVERSION = YES;
				CLANG_WARN_OBJC_ROOT_CLASS = YES_ERROR;
				CLANG_WARN_SUSPICIOUS_MOVE = YES;
				CLANG_WARN_UNREACHABLE_CODE = YES;
				CLANG_WARN__DUPLICATE_METHOD_MATCH = YES;
				"CODE_SIGN_IDENTITY[sdk=iphoneos*]" = "iPhone Developer";
				COPY_PHASE_STRIP = NO;
				DEBUG_INFORMATION_FORMAT = "dwarf-with-dsym";
				ENABLE_NS_ASSERTIONS = NO;
				ENABLE_STRICT_OBJC_MSGSEND = YES;
				GCC_C_LANGUAGE_STANDARD = gnu99;
				GCC_NO_COMMON_BLOCKS = YES;
				GCC_WARN_64_TO_32_BIT_CONVERSION = YES;
				GCC_WARN_ABOUT_RETURN_TYPE = YES_ERROR;
				GCC_WARN_UNDECLARED_SELECTOR = YES;
				GCC_WARN_UNINITIALIZED_AUTOS = YES_AGGRESSIVE;
				GCC_WARN_UNUSED_FUNCTION = YES;
				GCC_WARN_UNUSED_VARIABLE = YES;
				IPHONEOS_DEPLOYMENT_TARGET = 10.2;
				MTL_ENABLE_DEBUG_INFO = NO;
				SDKROOT = iphoneos;
				SWIFT_OPTIMIZATION_LEVEL = "-Owholemodule";
				TARGETED_DEVICE_FAMILY = "1,2";
				VALIDATE_PRODUCT = YES;
			};
			name = Release;
		};
		AA39AE1B1E33DA4E0024AECD /* Debug */ = {
			isa = XCBuildConfiguration;
			buildSettings = {
				ASSETCATALOG_COMPILER_APPICON_NAME = AppIcon;
				INFOPLIST_FILE = EggTImer/Info.plist;
				LD_RUNPATH_SEARCH_PATHS = "$(inherited) @executable_path/Frameworks";
				PRODUCT_BUNDLE_IDENTIFIER = com.ezitapps.EggTImer;
				PRODUCT_NAME = "$(TARGET_NAME)";
				SWIFT_VERSION = 3.0;
			};
			name = Debug;
		};
		AA39AE1C1E33DA4E0024AECD /* Release */ = {
			isa = XCBuildConfiguration;
			buildSettings = {
				ASSETCATALOG_COMPILER_APPICON_NAME = AppIcon;
				INFOPLIST_FILE = EggTImer/Info.plist;
				LD_RUNPATH_SEARCH_PATHS = "$(inherited) @executable_path/Frameworks";
				PRODUCT_BUNDLE_IDENTIFIER = com.ezitapps.EggTImer;
				PRODUCT_NAME = "$(TARGET_NAME)";
				SWIFT_VERSION = 3.0;
			};
			name = Release;
		};
/* End XCBuildConfiguration section */

/* Begin XCConfigurationList section */
		AA39AE031E33DA4E0024AECD /* Build configuration list for PBXProject "EggTImer" */ = {
			isa = XCConfigurationList;
			buildConfigurations = (
				AA39AE181E33DA4E0024AECD /* Debug */,
				AA39AE191E33DA4E0024AECD /* Release */,
			);
			defaultConfigurationIsVisible = 0;
			defaultConfigurationName = Release;
		};
		AA39AE1A1E33DA4E0024AECD /* Build configuration list for PBXNativeTarget "EggTImer" */ = {
			isa = XCConfigurationList;
			buildConfigurations = (
				AA39AE1B1E33DA4E0024AECD /* Debug */,
				AA39AE1C1E33DA4E0024AECD /* Release */,
			);
			defaultConfigurationIsVisible = 0;
		};
/* End XCConfigurationList section */
	};
	rootObject = AA39AE001E33DA4E0024AECD /* Project object */;
}
